<?xml version="1.0" encoding="utf-8"?>
<Project ToolsVersion="17.0" xmlns="http://schemas.microsoft.com/developer/msbuild/2003">
  <ItemGroup>
    <ClCompile Include="E:\Halite-III\starter_kits\C++\hlt\command.cpp">
      <Filter>Source Files</Filter>
    </ClCompile>
    <ClCompile Include="E:\Halite-III\starter_kits\C++\hlt\constants.cpp">
      <Filter>Source Files</Filter>
    </ClCompile>
    <ClCompile Include="E:\Halite-III\starter_kits\C++\hlt\dropoff.cpp">
      <Filter>Source Files</Filter>
    </ClCompile>
    <ClCompile Include="E:\Halite-III\starter_kits\C++\hlt\game.cpp">
      <Filter>Source Files</Filter>
    </ClCompile>
    <ClCompile Include="E:\Halite-III\starter_kits\C++\hlt\game_map.cpp">
      <Filter>Source Files</Filter>
    </ClCompile>
    <ClCompile Include="E:\Halite-III\starter_kits\C++\hlt\log.cpp">
      <Filter>Source Files</Filter>
    </ClCompile>
    <ClCompile Include="E:\Halite-III\starter_kits\C++\hlt\player.cpp">
      <Filter>Source Files</Filter>
    </ClCompile>
    <ClCompile Include="E:\Halite-III\starter_kits\C++\hlt\ship.cpp">
      <Filter>Source Files</Filter>
    </ClCompile>
    <ClCompile Include="E:\Halite-III\starter_kits\C++\MyBot.cpp">
      <Filter>Source Files</Filter>
    </ClCompile>
  </ItemGroup>
  <ItemGroup>
    <ClInclude Include="E:\Halite-III\starter_kits\C++\hlt\command.hpp">
      <Filter>Header Files</Filter>
    </ClInclude>
    <ClInclude Include="E:\Halite-III\starter_kits\C++\hlt\constants.hpp">
      <Filter>Header Files</Filter>
    </ClInclude>
    <ClInclude Include="E:\Halite-III\starter_kits\C++\hlt\direction.hpp">
      <Filter>Header Files</Filter>
    </ClInclude>
    <ClInclude Include="E:\Halite-III\starter_kits\C++\hlt\dropoff.hpp">
      <Filter>Header Files</Filter>
    </ClInclude>
    <ClInclude Include="E:\Halite-III\starter_kits\C++\hlt\entity.hpp">
      <Filter>Header Files</Filter>
    </ClInclude>
    <ClInclude Include="E:\Halite-III\starter_kits\C++\hlt\game.hpp">
      <Filter>Header Files</Filter>
    </ClInclude>
    <ClInclude Include="E:\Halite-III\starter_kits\C++\hlt\game_map.hpp">
      <Filter>Header Files</Filter>
    </ClInclude>
    <ClInclude Include="E:\Halite-III\starter_kits\C++\hlt\input.hpp">
      <Filter>Header Files</Filter>
    </ClInclude>
    <ClInclude Include="E:\Halite-III\starter_kits\C++\hlt\log.hpp">
      <Filter>Header Files</Filter>
    </ClInclude>
    <ClInclude Include="E:\Halite-III\starter_kits\C++\hlt\map_cell.hpp">
      <Filter>Header Files</Filter>
    </ClInclude>
    <ClInclude Include="E:\Halite-III\starter_kits\C++\hlt\player.hpp">
      <Filter>Header Files</Filter>
    </ClInclude>
    <ClInclude Include="E:\Halite-III\starter_kits\C++\hlt\position.hpp">
      <Filter>Header Files</Filter>
    </ClInclude>
    <ClInclude Include="E:\Halite-III\starter_kits\C++\hlt\ship.hpp">
      <Filter>Header Files</Filter>
    </ClInclude>
    <ClInclude Include="E:\Halite-III\starter_kits\C++\hlt\shipyard.hpp">
      <Filter>Header Files</Filter>
    </ClInclude>
    <ClInclude Include="E:\Halite-III\starter_kits\C++\hlt\types.hpp">
      <Filter>Header Files</Filter>
    </ClInclude>
  </ItemGroup>
  <ItemGroup>
    <CustomBuild Include="E:\Halite-III\starter_kits\C++\CMakeLists.txt" />
  </ItemGroup>
  <ItemGroup>
    <Filter Include="Header Files">
      <UniqueIdentifier>{D48CF552-9DD2-3853-9EA2-BC9720AF9DA3}</UniqueIdentifier>
    </Filter>
    <Filter Include="Source Files">
      <UniqueIdentifier>{6F1AB67F-5D7F-36D6-9F00-ECDDB9BFAE51}</UniqueIdentifier>
    </Filter>
  </ItemGroup>
</Project>
